
Microsoft Visual Studio Solution File, Format Version 12.00
# Visual Studio Version 17
VisualStudioVersion = 17.3.32811.315
MinimumVisualStudioVersion = 10.0.40219.1
Project("{2150E333-8FDC-42A3-9474-1A3956D46DE8}") = "UI", "UI", "{6DB42DD5-A7E0-4CF6-95F4-5C4183951B8E}"
EndProject
Project("{2150E333-8FDC-42A3-9474-1A3956D46DE8}") = "Domain", "Domain", "{C8747B70-32AB-4D94-80AF-46590A544A41}"
EndProject
Project("{FAE04EC0-301F-11D3-BF4B-00C04F79EFBC}") = "Getha_WebSite", "Getha_WebSite\Getha_WebSite.csproj", "{10B01316-4CF9-4F6C-89CB-5C46F8371D37}"
EndProject
Project("{2150E333-8FDC-42A3-9474-1A3956D46DE8}") = "Impl", "Impl", "{6D466609-535A-49B5-820F-2031918CE3AB}"
EndProject
Project("{FAE04EC0-301F-11D3-BF4B-00C04F79EFBC}") = "Getha.Domain.IServices", "Getha.Domain.IServices\Getha.Domain.IServices.csproj", "{790A53C5-208B-45B9-9244-736A8B6FD41E}"
EndProject
Project("{FAE04EC0-301F-11D3-BF4B-00C04F79EFBC}") = "Getha.Domain.IRepository", "Getha.Domain.IRepository\Getha.Domain.IRepository.csproj", "{E62E946F-200E-4689-8A9E-E3A0FDB04635}"
EndProject
Project("{FAE04EC0-301F-11D3-BF4B-00C04F79EFBC}") = "Getha.Domain.Entities", "Getha.Domain.Entities\Getha.Domain.Entities.csproj", "{DBCBD760-4993-41FA-85A0-D801DA07F9FC}"
EndProject
Project("{FAE04EC0-301F-11D3-BF4B-00C04F79EFBC}") = "Getha.Domain.Util", "Getha.Domain.Util\Getha.Domain.Util.csproj", "{C1D69197-8482-4406-B70E-8F7E5B6376F7}"
EndProject
Global
	GlobalSection(SolutionConfigurationPlatforms) = preSolution
		Debug|Any CPU = Debug|Any CPU
		Release|Any CPU = Release|Any CPU
	EndGlobalSection
	GlobalSection(ProjectConfigurationPlatforms) = postSolution
		{10B01316-4CF9-4F6C-89CB-5C46F8371D37}.Debug|Any CPU.ActiveCfg = Debug|Any CPU
		{10B01316-4CF9-4F6C-89CB-5C46F8371D37}.Debug|Any CPU.Build.0 = Debug|Any CPU
		{10B01316-4CF9-4F6C-89CB-5C46F8371D37}.Release|Any CPU.ActiveCfg = Release|Any CPU
		{10B01316-4CF9-4F6C-89CB-5C46F8371D37}.Release|Any CPU.Build.0 = Release|Any CPU
		{790A53C5-208B-45B9-9244-736A8B6FD41E}.Debug|Any CPU.ActiveCfg = Debug|Any CPU
		{790A53C5-208B-45B9-9244-736A8B6FD41E}.Debug|Any CPU.Build.0 = Debug|Any CPU
		{790A53C5-208B-45B9-9244-736A8B6FD41E}.Release|Any CPU.ActiveCfg = Release|Any CPU
		{790A53C5-208B-45B9-9244-736A8B6FD41E}.Release|Any CPU.Build.0 = Release|Any CPU
		{E62E946F-200E-4689-8A9E-E3A0FDB04635}.Debug|Any CPU.ActiveCfg = Debug|Any CPU
		{E62E946F-200E-4689-8A9E-E3A0FDB04635}.Debug|Any CPU.Build.0 = Debug|Any CPU
		{E62E946F-200E-4689-8A9E-E3A0FDB04635}.Release|Any CPU.ActiveCfg = Release|Any CPU
		{E62E946F-200E-4689-8A9E-E3A0FDB04635}.Release|Any CPU.Build.0 = Release|Any CPU
		{DBCBD760-4993-41FA-85A0-D801DA07F9FC}.Debug|Any CPU.ActiveCfg = Debug|Any CPU
		{DBCBD760-4993-41FA-85A0-D801DA07F9FC}.Debug|Any CPU.Build.0 = Debug|Any CPU
		{DBCBD760-4993-41FA-85A0-D801DA07F9FC}.Release|Any CPU.ActiveCfg = Release|Any CPU
		{DBCBD760-4993-41FA-85A0-D801DA07F9FC}.Release|Any CPU.Build.0 = Release|Any CPU
		{C1D69197-8482-4406-B70E-8F7E5B6376F7}.Debug|Any CPU.ActiveCfg = Debug|Any CPU
		{C1D69197-8482-4406-B70E-8F7E5B6376F7}.Debug|Any CPU.Build.0 = Debug|Any CPU
		{C1D69197-8482-4406-B70E-8F7E5B6376F7}.Release|Any CPU.ActiveCfg = Release|Any CPU
		{C1D69197-8482-4406-B70E-8F7E5B6376F7}.Release|Any CPU.Build.0 = Release|Any CPU
	EndGlobalSection
	GlobalSection(SolutionProperties) = preSolution
		HideSolutionNode = FALSE
	EndGlobalSection
	GlobalSection(NestedProjects) = preSolution
		{10B01316-4CF9-4F6C-89CB-5C46F8371D37} = {6DB42DD5-A7E0-4CF6-95F4-5C4183951B8E}
		{6D466609-535A-49B5-820F-2031918CE3AB} = {C8747B70-32AB-4D94-80AF-46590A544A41}
		{790A53C5-208B-45B9-9244-736A8B6FD41E} = {C8747B70-32AB-4D94-80AF-46590A544A41}
		{E62E946F-200E-4689-8A9E-E3A0FDB04635} = {C8747B70-32AB-4D94-80AF-46590A544A41}
		{DBCBD760-4993-41FA-85A0-D801DA07F9FC} = {C8747B70-32AB-4D94-80AF-46590A544A41}
		{C1D69197-8482-4406-B70E-8F7E5B6376F7} = {C8747B70-32AB-4D94-80AF-46590A544A41}
	EndGlobalSection
	GlobalSection(ExtensibilityGlobals) = postSolution
		SolutionGuid = {48FCFE29-536C-47B0-A301-66631E2B3542}
	EndGlobalSection
EndGlobal
